
Microsoft Visual Studio Solution File, Format Version 12.00
# Visual Studio 15
VisualStudioVersion = 15.0.26124.0
MinimumVisualStudioVersion = 15.0.26124.0
Project("{2150E333-8FDC-42A3-9474-1A3956D46DE8}") = "src", "src", "{EDDAB548-A4E6-4CAE-9615-FB90CB53F098}"
EndProject
Project("{FAE04EC0-301F-11D3-BF4B-00C04F79EFBC}") = "GradeBook", "src\GradeBook\GradeBook.csproj", "{AD1E261C-FAD4-473B-BFFE-7AB0EE00FC03}"
EndProject
Project("{2150E333-8FDC-42A3-9474-1A3956D46DE8}") = "test", "test", "{E4409F43-9D3B-4E95-9AE1-CEC3CC00E6CD}"
EndProject
Project("{FAE04EC0-301F-11D3-BF4B-00C04F79EFBC}") = "GradeBook.Tests", "test\GradeBook.Tests\GradeBook.Tests.csproj", "{73502070-8ABA-4AA9-85ED-DDEE4D79C16C}"
EndProject
Global
	GlobalSection(SolutionConfigurationPlatforms) = preSolution
		Debug|Any CPU = Debug|Any CPU
		Debug|x64 = Debug|x64
		Debug|x86 = Debug|x86
		Release|Any CPU = Release|Any CPU
		Release|x64 = Release|x64
		Release|x86 = Release|x86
	EndGlobalSection
	GlobalSection(SolutionProperties) = preSolution
		HideSolutionNode = FALSE
	EndGlobalSection
	GlobalSection(ProjectConfigurationPlatforms) = postSolution
		{AD1E261C-FAD4-473B-BFFE-7AB0EE00FC03}.Debug|Any CPU.ActiveCfg = Debug|Any CPU
		{AD1E261C-FAD4-473B-BFFE-7AB0EE00FC03}.Debug|Any CPU.Build.0 = Debug|Any CPU
		{AD1E261C-FAD4-473B-BFFE-7AB0EE00FC03}.Debug|x64.ActiveCfg = Debug|Any CPU
		{AD1E261C-FAD4-473B-BFFE-7AB0EE00FC03}.Debug|x64.Build.0 = Debug|Any CPU
		{AD1E261C-FAD4-473B-BFFE-7AB0EE00FC03}.Debug|x86.ActiveCfg = Debug|Any CPU
		{AD1E261C-FAD4-473B-BFFE-7AB0EE00FC03}.Debug|x86.Build.0 = Debug|Any CPU
		{AD1E261C-FAD4-473B-BFFE-7AB0EE00FC03}.Release|Any CPU.ActiveCfg = Release|Any CPU
		{AD1E261C-FAD4-473B-BFFE-7AB0EE00FC03}.Release|Any CPU.Build.0 = Release|Any CPU
		{AD1E261C-FAD4-473B-BFFE-7AB0EE00FC03}.Release|x64.ActiveCfg = Release|Any CPU
		{AD1E261C-FAD4-473B-BFFE-7AB0EE00FC03}.Release|x64.Build.0 = Release|Any CPU
		{AD1E261C-FAD4-473B-BFFE-7AB0EE00FC03}.Release|x86.ActiveCfg = Release|Any CPU
		{AD1E261C-FAD4-473B-BFFE-7AB0EE00FC03}.Release|x86.Build.0 = Release|Any CPU
		{73502070-8ABA-4AA9-85ED-DDEE4D79C16C}.Debug|Any CPU.ActiveCfg = Debug|Any CPU
		{73502070-8ABA-4AA9-85ED-DDEE4D79C16C}.Debug|Any CPU.Build.0 = Debug|Any CPU
		{73502070-8ABA-4AA9-85ED-DDEE4D79C16C}.Debug|x64.ActiveCfg = Debug|Any CPU
		{73502070-8ABA-4AA9-85ED-DDEE4D79C16C}.Debug|x64.Build.0 = Debug|Any CPU
		{73502070-8ABA-4AA9-85ED-DDEE4D79C16C}.Debug|x86.ActiveCfg = Debug|Any CPU
		{73502070-8ABA-4AA9-85ED-DDEE4D79C16C}.Debug|x86.Build.0 = Debug|Any CPU
		{73502070-8ABA-4AA9-85ED-DDEE4D79C16C}.Release|Any CPU.ActiveCfg = Release|Any CPU
		{73502070-8ABA-4AA9-85ED-DDEE4D79C16C}.Release|Any CPU.Build.0 = Release|Any CPU
		{73502070-8ABA-4AA9-85ED-DDEE4D79C16C}.Release|x64.ActiveCfg = Release|Any CPU
		{73502070-8ABA-4AA9-85ED-DDEE4D79C16C}.Release|x64.Build.0 = Release|Any CPU
		{73502070-8ABA-4AA9-85ED-DDEE4D79C16C}.Release|x86.ActiveCfg = Release|Any CPU
		{73502070-8ABA-4AA9-85ED-DDEE4D79C16C}.Release|x86.Build.0 = Release|Any CPU
	EndGlobalSection
	GlobalSection(NestedProjects) = preSolution
		{AD1E261C-FAD4-473B-BFFE-7AB0EE00FC03} = {EDDAB548-A4E6-4CAE-9615-FB90CB53F098}
		{73502070-8ABA-4AA9-85ED-DDEE4D79C16C} = {E4409F43-9D3B-4E95-9AE1-CEC3CC00E6CD}
	EndGlobalSection
EndGlobal
